
Microsoft Visual Studio Solution File, Format Version 12.00
# Visual Studio Version 17
VisualStudioVersion = 17.12.35527.113
MinimumVisualStudioVersion = 10.0.40219.1
Project("{FAE04EC0-301F-11D3-BF4B-00C04F79EFBC}") = "TiaPortalToolbox", "TiaPortalToolbox\TiaPortalToolbox.csproj", "{382AC9D1-5084-474A-998A-60D397764290}"
EndProject
Project("{FAE04EC0-301F-11D3-BF4B-00C04F79EFBC}") = "TiaPortalToolbox.Core", "TiaPortalToolbox.Core\TiaPortalToolbox.Core.csproj", "{9B93D1F3-93B9-4DEB-B658-9EC6AEF54C44}"
EndProject
Project("{FAE04EC0-301F-11D3-BF4B-00C04F79EFBC}") = "TiaPortalToolbox.Doc", "TiaPortalToolbox.Markdown\TiaPortalToolbox.Doc.csproj", "{9DAA306C-34C8-4AF0-812B-8601F65A4251}"
EndProject
Project("{2150E333-8FDC-42A3-9474-1A3956D46DE8}") = "External projects", "External projects", "{B53EBD88-F75F-4BA3-98F5-D28D66850B11}"
EndProject
Project("{FAE04EC0-301F-11D3-BF4B-00C04F79EFBC}") = "SimaticML", "..\SimaticML\SimaticML\SimaticML.csproj", "{72ED49F6-813E-4842-8D0A-FEB9983A3844}"
EndProject
Project("{FAE04EC0-301F-11D3-BF4B-00C04F79EFBC}") = "TiaPortalToolbox.Console", "TiaPortalToolbox.Console\TiaPortalToolbox.Console.csproj", "{39BD6311-B217-4762-9AD6-D6BFB5F7F457}"
EndProject
Project("{2150E333-8FDC-42A3-9474-1A3956D46DE8}") = "Éléments de solution", "Éléments de solution", "{277FA5C4-E069-4268-8B01-98F0C9E6D063}"
	ProjectSection(SolutionItems) = preProject
		README.md = README.md
	EndProjectSection
EndProject
Project("{FAE04EC0-301F-11D3-BF4B-00C04F79EFBC}") = "DocSharp.Markdown", "..\DocSharp\src\DocSharp.Markdown\DocSharp.Markdown.csproj", "{1FCE54E8-EE43-6704-CDB4-4E0DAA257138}"
EndProject
Global
	GlobalSection(SolutionConfigurationPlatforms) = preSolution
		Debug|Any CPU = Debug|Any CPU
		Release|Any CPU = Release|Any CPU
	EndGlobalSection
	GlobalSection(ProjectConfigurationPlatforms) = postSolution
		{382AC9D1-5084-474A-998A-60D397764290}.Debug|Any CPU.ActiveCfg = Debug|Any CPU
		{382AC9D1-5084-474A-998A-60D397764290}.Debug|Any CPU.Build.0 = Debug|Any CPU
		{382AC9D1-5084-474A-998A-60D397764290}.Release|Any CPU.ActiveCfg = Release|Any CPU
		{382AC9D1-5084-474A-998A-60D397764290}.Release|Any CPU.Build.0 = Release|Any CPU
		{9B93D1F3-93B9-4DEB-B658-9EC6AEF54C44}.Debug|Any CPU.ActiveCfg = Debug|Any CPU
		{9B93D1F3-93B9-4DEB-B658-9EC6AEF54C44}.Debug|Any CPU.Build.0 = Debug|Any CPU
		{9B93D1F3-93B9-4DEB-B658-9EC6AEF54C44}.Release|Any CPU.ActiveCfg = Release|Any CPU
		{9B93D1F3-93B9-4DEB-B658-9EC6AEF54C44}.Release|Any CPU.Build.0 = Release|Any CPU
		{9DAA306C-34C8-4AF0-812B-8601F65A4251}.Debug|Any CPU.ActiveCfg = Debug|Any CPU
		{9DAA306C-34C8-4AF0-812B-8601F65A4251}.Debug|Any CPU.Build.0 = Debug|Any CPU
		{9DAA306C-34C8-4AF0-812B-8601F65A4251}.Release|Any CPU.ActiveCfg = Release|Any CPU
		{9DAA306C-34C8-4AF0-812B-8601F65A4251}.Release|Any CPU.Build.0 = Release|Any CPU
		{72ED49F6-813E-4842-8D0A-FEB9983A3844}.Debug|Any CPU.ActiveCfg = Debug|Any CPU
		{72ED49F6-813E-4842-8D0A-FEB9983A3844}.Debug|Any CPU.Build.0 = Debug|Any CPU
		{72ED49F6-813E-4842-8D0A-FEB9983A3844}.Release|Any CPU.ActiveCfg = Release|Any CPU
		{72ED49F6-813E-4842-8D0A-FEB9983A3844}.Release|Any CPU.Build.0 = Release|Any CPU
		{39BD6311-B217-4762-9AD6-D6BFB5F7F457}.Debug|Any CPU.ActiveCfg = Debug|Any CPU
		{39BD6311-B217-4762-9AD6-D6BFB5F7F457}.Debug|Any CPU.Build.0 = Debug|Any CPU
		{39BD6311-B217-4762-9AD6-D6BFB5F7F457}.Release|Any CPU.ActiveCfg = Release|Any CPU
		{39BD6311-B217-4762-9AD6-D6BFB5F7F457}.Release|Any CPU.Build.0 = Release|Any CPU
		{1FCE54E8-EE43-6704-CDB4-4E0DAA257138}.Debug|Any CPU.ActiveCfg = Debug|Any CPU
		{1FCE54E8-EE43-6704-CDB4-4E0DAA257138}.Debug|Any CPU.Build.0 = Debug|Any CPU
		{1FCE54E8-EE43-6704-CDB4-4E0DAA257138}.Release|Any CPU.ActiveCfg = Release|Any CPU
		{1FCE54E8-EE43-6704-CDB4-4E0DAA257138}.Release|Any CPU.Build.0 = Release|Any CPU
	EndGlobalSection
	GlobalSection(SolutionProperties) = preSolution
		HideSolutionNode = FALSE
	EndGlobalSection
	GlobalSection(NestedProjects) = preSolution
		{72ED49F6-813E-4842-8D0A-FEB9983A3844} = {B53EBD88-F75F-4BA3-98F5-D28D66850B11}
		{1FCE54E8-EE43-6704-CDB4-4E0DAA257138} = {B53EBD88-F75F-4BA3-98F5-D28D66850B11}
	EndGlobalSection
	GlobalSection(ExtensibilityGlobals) = postSolution
		SolutionGuid = {B8475BEE-05F1-4F44-A9B9-E681347D6CB9}
	EndGlobalSection
EndGlobal
